// !$*UTF8*$!
{
	archiveVersion = 1;
	classes = {
	};
	objectVersion = 56;
	objects = {

/* Begin PBXBuildFile section */
		AA1981042A1AB85900319B29 /* AppDelegate.swift in Sources */ = {isa = PBXBuildFile; fileRef = AA1981032A1AB85900319B29 /* AppDelegate.swift */; };
		AA1981062A1AB85900319B29 /* SceneDelegate.swift in Sources */ = {isa = PBXBuildFile; fileRef = AA1981052A1AB85900319B29 /* SceneDelegate.swift */; };
		AA1981082A1AB85900319B29 /* ViewController.swift in Sources */ = {isa = PBXBuildFile; fileRef = AA1981072A1AB85900319B29 /* ViewController.swift */; };
		AA19810B2A1AB85900319B29 /* Main.storyboard in Resources */ = {isa = PBXBuildFile; fileRef = AA1981092A1AB85900319B29 /* Main.storyboard */; };
		AA19810D2A1AB85B00319B29 /* Assets.xcassets in Resources */ = {isa = PBXBuildFile; fileRef = AA19810C2A1AB85B00319B29 /* Assets.xcassets */; };
		AA1981102A1AB85B00319B29 /* LaunchScreen.storyboard in Resources */ = {isa = PBXBuildFile; fileRef = AA19810E2A1AB85B00319B29 /* LaunchScreen.storyboard */; };
		AA19811B2A1AB85B00319B29 /* Official_E_Levy_CalculatorTests.swift in Sources */ = {isa = PBXBuildFile; fileRef = AA19811A2A1AB85B00319B29 /* Official_E_Levy_CalculatorTests.swift */; };
		AA1981252A1AB85B00319B29 /* Official_E_Levy_CalculatorUITests.swift in Sources */ = {isa = PBXBuildFile; fileRef = AA1981242A1AB85B00319B29 /* Official_E_Levy_CalculatorUITests.swift */; };
		AA1981272A1AB85B00319B29 /* Official_E_Levy_CalculatorUITestsLaunchTests.swift in Sources */ = {isa = PBXBuildFile; fileRef = AA1981262A1AB85B00319B29 /* Official_E_Levy_CalculatorUITestsLaunchTests.swift */; };
		AA1981392A1AFC1D00319B29 /* NetworkManager.swift in Sources */ = {isa = PBXBuildFile; fileRef = AA1981382A1AFC1D00319B29 /* NetworkManager.swift */; };
		AA19813B2A1B81FC00319B29 /* ELevy.swift in Sources */ = {isa = PBXBuildFile; fileRef = AA19813A2A1B81FC00319B29 /* ELevy.swift */; };
/* End PBXBuildFile section */

/* Begin PBXContainerItemProxy section */
		AA1981172A1AB85B00319B29 /* PBXContainerItemProxy */ = {
			isa = PBXContainerItemProxy;
			containerPortal = AA1980F82A1AB85900319B29 /* Project object */;
			proxyType = 1;
			remoteGlobalIDString = AA1980FF2A1AB85900319B29;
			remoteInfo = "Official E-Levy Calculator";
		};
		AA1981212A1AB85B00319B29 /* PBXContainerItemProxy */ = {
			isa = PBXContainerItemProxy;
			containerPortal = AA1980F82A1AB85900319B29 /* Project object */;
			proxyType = 1;
			remoteGlobalIDString = AA1980FF2A1AB85900319B29;
			remoteInfo = "Official E-Levy Calculator";
		};
/* End PBXContainerItemProxy section */

/* Begin PBXFileReference section */
		AA1981002A1AB85900319B29 /* Official E-Levy Calculator.app */ = {isa = PBXFileReference; explicitFileType = wrapper.application; includeInIndex = 0; path = "Official E-Levy Calculator.app"; sourceTree = BUILT_PRODUCTS_DIR; };
		AA1981032A1AB85900319B29 /* AppDelegate.swift */ = {isa = PBXFileReference; lastKnownFileType = sourcecode.swift; path = AppDelegate.swift; sourceTree = "<group>"; };
		AA1981052A1AB85900319B29 /* SceneDelegate.swift */ = {isa = PBXFileReference; lastKnownFileType = sourcecode.swift; path = SceneDelegate.swift; sourceTree = "<group>"; };
		AA1981072A1AB85900319B29 /* ViewController.swift */ = {isa = PBXFileReference; lastKnownFileType = sourcecode.swift; path = ViewController.swift; sourceTree = "<group>"; };
		AA19810A2A1AB85900319B29 /* Base */ = {isa = PBXFileReference; lastKnownFileType = file.storyboard; name = Base; path = Base.lproj/Main.storyboard; sourceTree = "<group>"; };
		AA19810C2A1AB85B00319B29 /* Assets.xcassets */ = {isa = PBXFileReference; lastKnownFileType = folder.assetcatalog; path = Assets.xcassets; sourceTree = "<group>"; };
		AA19810F2A1AB85B00319B29 /* Base */ = {isa = PBXFileReference; lastKnownFileType = file.storyboard; name = Base; path = Base.lproj/LaunchScreen.storyboard; sourceTree = "<group>"; };
		AA1981112A1AB85B00319B29 /* Info.plist */ = {isa = PBXFileReference; lastKnownFileType = text.plist.xml; path = Info.plist; sourceTree = "<group>"; };
		AA1981162A1AB85B00319B29 /* Official E-Levy CalculatorTests.xctest */ = {isa = PBXFileReference; explicitFileType = wrapper.cfbundle; includeInIndex = 0; path = "Official E-Levy CalculatorTests.xctest"; sourceTree = BUILT_PRODUCTS_DIR; };
		AA19811A2A1AB85B00319B29 /* Official_E_Levy_CalculatorTests.swift */ = {isa = PBXFileReference; lastKnownFileType = sourcecode.swift; path = Official_E_Levy_CalculatorTests.swift; sourceTree = "<group>"; };
		AA1981202A1AB85B00319B29 /* Official E-Levy CalculatorUITests.xctest */ = {isa = PBXFileReference; explicitFileType = wrapper.cfbundle; includeInIndex = 0; path = "Official E-Levy CalculatorUITests.xctest"; sourceTree = BUILT_PRODUCTS_DIR; };
		AA1981242A1AB85B00319B29 /* Official_E_Levy_CalculatorUITests.swift */ = {isa = PBXFileReference; lastKnownFileType = sourcecode.swift; path = Official_E_Levy_CalculatorUITests.swift; sourceTree = "<group>"; };
		AA1981262A1AB85B00319B29 /* Official_E_Levy_CalculatorUITestsLaunchTests.swift */ = {isa = PBXFileReference; lastKnownFileType = sourcecode.swift; path = Official_E_Levy_CalculatorUITestsLaunchTests.swift; sourceTree = "<group>"; };
		AA1981382A1AFC1D00319B29 /* NetworkManager.swift */ = {isa = PBXFileReference; lastKnownFileType = sourcecode.swift; path = NetworkManager.swift; sourceTree = "<group>"; };
		AA19813A2A1B81FC00319B29 /* ELevy.swift */ = {isa = PBXFileReference; lastKnownFileType = sourcecode.swift; path = ELevy.swift; sourceTree = "<group>"; };
/* End PBXFileReference section */

/* Begin PBXFrameworksBuildPhase section */
		AA1980FD2A1AB85900319B29 /* Frameworks */ = {
			isa = PBXFrameworksBuildPhase;
			buildActionMask = 2147483647;
			files = (
			);
			runOnlyForDeploymentPostprocessing = 0;
		};
		AA1981132A1AB85B00319B29 /* Frameworks */ = {
			isa = PBXFrameworksBuildPhase;
			buildActionMask = 2147483647;
			files = (
			);
			runOnlyForDeploymentPostprocessing = 0;
		};
		AA19811D2A1AB85B00319B29 /* Frameworks */ = {
			isa = PBXFrameworksBuildPhase;
			buildActionMask = 2147483647;
			files = (
			);
			runOnlyForDeploymentPostprocessing = 0;
		};
/* End PBXFrameworksBuildPhase section */

/* Begin PBXGroup section */
		AA1980F72A1AB85900319B29 = {
			isa = PBXGroup;
			children = (
				AA1981022A1AB85900319B29 /* Official E-Levy Calculator */,
				AA1981192A1AB85B00319B29 /* Official E-Levy CalculatorTests */,
				AA1981232A1AB85B00319B29 /* Official E-Levy CalculatorUITests */,
				AA1981012A1AB85900319B29 /* Products */,
			);
			sourceTree = "<group>";
		};
		AA1981012A1AB85900319B29 /* Products */ = {
			isa = PBXGroup;
			children = (
				AA1981002A1AB85900319B29 /* Official E-Levy Calculator.app */,
				AA1981162A1AB85B00319B29 /* Official E-Levy CalculatorTests.xctest */,
				AA1981202A1AB85B00319B29 /* Official E-Levy CalculatorUITests.xctest */,
			);
			name = Products;
			sourceTree = "<group>";
		};
		AA1981022A1AB85900319B29 /* Official E-Levy Calculator */ = {
			isa = PBXGroup;
			children = (
				AA1981032A1AB85900319B29 /* AppDelegate.swift */,
				AA1981052A1AB85900319B29 /* SceneDelegate.swift */,
				AA1981352A1AB89200319B29 /* Model */,
				AA1981342A1AB88100319B29 /* View */,
				AA1981332A1AB86A00319B29 /* Controller */,
				AA19810C2A1AB85B00319B29 /* Assets.xcassets */,
				AA19810E2A1AB85B00319B29 /* LaunchScreen.storyboard */,
				AA1981112A1AB85B00319B29 /* Info.plist */,
			);
			path = "Official E-Levy Calculator";
			sourceTree = "<group>";
		};
		AA1981192A1AB85B00319B29 /* Official E-Levy CalculatorTests */ = {
			isa = PBXGroup;
			children = (
				AA19811A2A1AB85B00319B29 /* Official_E_Levy_CalculatorTests.swift */,
			);
			path = "Official E-Levy CalculatorTests";
			sourceTree = "<group>";
		};
		AA1981232A1AB85B00319B29 /* Official E-Levy CalculatorUITests */ = {
			isa = PBXGroup;
			children = (
				AA1981242A1AB85B00319B29 /* Official_E_Levy_CalculatorUITests.swift */,
				AA1981262A1AB85B00319B29 /* Official_E_Levy_CalculatorUITestsLaunchTests.swift */,
			);
			path = "Official E-Levy CalculatorUITests";
			sourceTree = "<group>";
		};
		AA1981332A1AB86A00319B29 /* Controller */ = {
			isa = PBXGroup;
			children = (
				AA1981072A1AB85900319B29 /* ViewController.swift */,
			);
			path = Controller;
			sourceTree = "<group>";
		};
		AA1981342A1AB88100319B29 /* View */ = {
			isa = PBXGroup;
			children = (
				AA1981092A1AB85900319B29 /* Main.storyboard */,
			);
			path = View;
			sourceTree = "<group>";
		};
		AA1981352A1AB89200319B29 /* Model */ = {
			isa = PBXGroup;
			children = (
				AA1981382A1AFC1D00319B29 /* NetworkManager.swift */,
				AA19813A2A1B81FC00319B29 /* ELevy.swift */,
			);
			path = Model;
			sourceTree = "<group>";
		};
/* End PBXGroup section */

/* Begin PBXNativeTarget section */
		AA1980FF2A1AB85900319B29 /* Official E-Levy Calculator */ = {
			isa = PBXNativeTarget;
			buildConfigurationList = AA19812A2A1AB85B00319B29 /* Build configuration list for PBXNativeTarget "Official E-Levy Calculator" */;
			buildPhases = (
				AA1980FC2A1AB85900319B29 /* Sources */,
				AA1980FD2A1AB85900319B29 /* Frameworks */,
				AA1980FE2A1AB85900319B29 /* Resources */,
			);
			buildRules = (
			);
			dependencies = (
			);
			name = "Official E-Levy Calculator";
			productName = "Official E-Levy Calculator";
			productReference = AA1981002A1AB85900319B29 /* Official E-Levy Calculator.app */;
			productType = "com.apple.product-type.application";
		};
		AA1981152A1AB85B00319B29 /* Official E-Levy CalculatorTests */ = {
			isa = PBXNativeTarget;
			buildConfigurationList = AA19812D2A1AB85B00319B29 /* Build configuration list for PBXNativeTarget "Official E-Levy CalculatorTests" */;
			buildPhases = (
				AA1981122A1AB85B00319B29 /* Sources */,
				AA1981132A1AB85B00319B29 /* Frameworks */,
				AA1981142A1AB85B00319B29 /* Resources */,
			);
			buildRules = (
			);
			dependencies = (
				AA1981182A1AB85B00319B29 /* PBXTargetDependency */,
			);
			name = "Official E-Levy CalculatorTests";
			productName = "Official E-Levy CalculatorTests";
			productReference = AA1981162A1AB85B00319B29 /* Official E-Levy CalculatorTests.xctest */;
			productType = "com.apple.product-type.bundle.unit-test";
		};
		AA19811F2A1AB85B00319B29 /* Official E-Levy CalculatorUITests */ = {
			isa = PBXNativeTarget;
			buildConfigurationList = AA1981302A1AB85B00319B29 /* Build configuration list for PBXNativeTarget "Official E-Levy CalculatorUITests" */;
			buildPhases = (
				AA19811C2A1AB85B00319B29 /* Sources */,
				AA19811D2A1AB85B00319B29 /* Frameworks */,
				AA19811E2A1AB85B00319B29 /* Resources */,
			);
			buildRules = (
			);
			dependencies = (
				AA1981222A1AB85B00319B29 /* PBXTargetDependency */,
			);
			name = "Official E-Levy CalculatorUITests";
			productName = "Official E-Levy CalculatorUITests";
			productReference = AA1981202A1AB85B00319B29 /* Official E-Levy CalculatorUITests.xctest */;
			productType = "com.apple.product-type.bundle.ui-testing";
		};
/* End PBXNativeTarget section */

/* Begin PBXProject section */
		AA1980F82A1AB85900319B29 /* Project object */ = {
			isa = PBXProject;
			attributes = {
				BuildIndependentTargetsInParallel = 1;
				LastSwiftUpdateCheck = 1430;
				LastUpgradeCheck = 1430;
				TargetAttributes = {
					AA1980FF2A1AB85900319B29 = {
						CreatedOnToolsVersion = 14.3;
					};
					AA1981152A1AB85B00319B29 = {
						CreatedOnToolsVersion = 14.3;
						TestTargetID = AA1980FF2A1AB85900319B29;
					};
					AA19811F2A1AB85B00319B29 = {
						CreatedOnToolsVersion = 14.3;
						TestTargetID = AA1980FF2A1AB85900319B29;
					};
				};
			};
			buildConfigurationList = AA1980FB2A1AB85900319B29 /* Build configuration list for PBXProject "Official E-Levy Calculator" */;
			compatibilityVersion = "Xcode 14.0";
			developmentRegion = en;
			hasScannedForEncodings = 0;
			knownRegions = (
				en,
				Base,
			);
			mainGroup = AA1980F72A1AB85900319B29;
			productRefGroup = AA1981012A1AB85900319B29 /* Products */;
			projectDirPath = "";
			projectRoot = "";
			targets = (
				AA1980FF2A1AB85900319B29 /* Official E-Levy Calculator */,
				AA1981152A1AB85B00319B29 /* Official E-Levy CalculatorTests */,
				AA19811F2A1AB85B00319B29 /* Official E-Levy CalculatorUITests */,
			);
		};
/* End PBXProject section */

/* Begin PBXResourcesBuildPhase section */
		AA1980FE2A1AB85900319B29 /* Resources */ = {
			isa = PBXResourcesBuildPhase;
			buildActionMask = 2147483647;
			files = (
				AA1981102A1AB85B00319B29 /* LaunchScreen.storyboard in Resources */,
				AA19810D2A1AB85B00319B29 /* Assets.xcassets in Resources */,
				AA19810B2A1AB85900319B29 /* Main.storyboard in Resources */,
			);
			runOnlyForDeploymentPostprocessing = 0;
		};
		AA1981142A1AB85B00319B29 /* Resources */ = {
			isa = PBXResourcesBuildPhase;
			buildActionMask = 2147483647;
			files = (
			);
			runOnlyForDeploymentPostprocessing = 0;
		};
		AA19811E2A1AB85B00319B29 /* Resources */ = {
			isa = PBXResourcesBuildPhase;
			buildActionMask = 2147483647;
			files = (
			);
			runOnlyForDeploymentPostprocessing = 0;
		};
/* End PBXResourcesBuildPhase section */

/* Begin PBXSourcesBuildPhase section */
		AA1980FC2A1AB85900319B29 /* Sources */ = {
			isa = PBXSourcesBuildPhase;
			buildActionMask = 2147483647;
			files = (
				AA1981392A1AFC1D00319B29 /* NetworkManager.swift in Sources */,
				AA1981082A1AB85900319B29 /* ViewController.swift in Sources */,
				AA1981042A1AB85900319B29 /* AppDelegate.swift in Sources */,
				AA19813B2A1B81FC00319B29 /* ELevy.swift in Sources */,
				AA1981062A1AB85900319B29 /* SceneDelegate.swift in Sources */,
			);
			runOnlyForDeploymentPostprocessing = 0;
		};
		AA1981122A1AB85B00319B29 /* Sources */ = {
			isa = PBXSourcesBuildPhase;
			buildActionMask = 2147483647;
			files = (
				AA19811B2A1AB85B00319B29 /* Official_E_Levy_CalculatorTests.swift in Sources */,
			);
			runOnlyForDeploymentPostprocessing = 0;
		};
		AA19811C2A1AB85B00319B29 /* Sources */ = {
			isa = PBXSourcesBuildPhase;
			buildActionMask = 2147483647;
			files = (
				AA1981252A1AB85B00319B29 /* Official_E_Levy_CalculatorUITests.swift in Sources */,
				AA1981272A1AB85B00319B29 /* Official_E_Levy_CalculatorUITestsLaunchTests.swift in Sources */,
			);
			runOnlyForDeploymentPostprocessing = 0;
		};
/* End PBXSourcesBuildPhase section */

/* Begin PBXTargetDependency section */
		AA1981182A1AB85B00319B29 /* PBXTargetDependency */ = {
			isa = PBXTargetDependency;
			target = AA1980FF2A1AB85900319B29 /* Official E-Levy Calculator */;
			targetProxy = AA1981172A1AB85B00319B29 /* PBXContainerItemProxy */;
		};
		AA1981222A1AB85B00319B29 /* PBXTargetDependency */ = {
			isa = PBXTargetDependency;
			target = AA1980FF2A1AB85900319B29 /* Official E-Levy Calculator */;
			targetProxy = AA1981212A1AB85B00319B29 /* PBXContainerItemProxy */;
		};
/* End PBXTargetDependency section */

/* Begin PBXVariantGroup section */
		AA1981092A1AB85900319B29 /* Main.storyboard */ = {
			isa = PBXVariantGroup;
			children = (
				AA19810A2A1AB85900319B29 /* Base */,
			);
			name = Main.storyboard;
			sourceTree = "<group>";
		};
		AA19810E2A1AB85B00319B29 /* LaunchScreen.storyboard */ = {
			isa = PBXVariantGroup;
			children = (
				AA19810F2A1AB85B00319B29 /* Base */,
			);
			name = LaunchScreen.storyboard;
			sourceTree = "<group>";
		};
/* End PBXVariantGroup section */

/* Begin XCBuildConfiguration section */
		AA1981282A1AB85B00319B29 /* Debug */ = {
			isa = XCBuildConfiguration;
			buildSettings = {
				ALWAYS_SEARCH_USER_PATHS = NO;
				CLANG_ANALYZER_NONNULL = YES;
				CLANG_ANALYZER_NUMBER_OBJECT_CONVERSION = YES_AGGRESSIVE;
				CLANG_CXX_LANGUAGE_STANDARD = "gnu++20";
				CLANG_ENABLE_MODULES = YES;
				CLANG_ENABLE_OBJC_ARC = YES;
				CLANG_ENABLE_OBJC_WEAK = YES;
				CLANG_WARN_BLOCK_CAPTURE_AUTORELEASING = YES;
				CLANG_WARN_BOOL_CONVERSION = YES;
				CLANG_WARN_COMMA = YES;
				CLANG_WARN_CONSTANT_CONVERSION = YES;
				CLANG_WARN_DEPRECATED_OBJC_IMPLEMENTATIONS = YES;
				CLANG_WARN_DIRECT_OBJC_ISA_USAGE = YES_ERROR;
				CLANG_WARN_DOCUMENTATION_COMMENTS = YES;
				CLANG_WARN_EMPTY_BODY = YES;
				CLANG_WARN_ENUM_CONVERSION = YES;
				CLANG_WARN_INFINITE_RECURSION = YES;
				CLANG_WARN_INT_CONVERSION = YES;
				CLANG_WARN_NON_LITERAL_NULL_CONVERSION = YES;
				CLANG_WARN_OBJC_IMPLICIT_RETAIN_SELF = YES;
				CLANG_WARN_OBJC_LITERAL_CONVERSION = YES;
				CLANG_WARN_OBJC_ROOT_CLASS = YES_ERROR;
				CLANG_WARN_QUOTED_INCLUDE_IN_FRAMEWORK_HEADER = YES;
				CLANG_WARN_RANGE_LOOP_ANALYSIS = YES;
				CLANG_WARN_STRICT_PROTOTYPES = YES;
				CLANG_WARN_SUSPICIOUS_MOVE = YES;
				CLANG_WARN_UNGUARDED_AVAILABILITY = YES_AGGRESSIVE;
				CLANG_WARN_UNREACHABLE_CODE = YES;
				CLANG_WARN__DUPLICATE_METHOD_MATCH = YES;
				COPY_PHASE_STRIP = NO;
				DEBUG_INFORMATION_FORMAT = dwarf;
				ENABLE_STRICT_OBJC_MSGSEND = YES;
				ENABLE_TESTABILITY = YES;
				GCC_C_LANGUAGE_STANDARD = gnu11;
				GCC_DYNAMIC_NO_PIC = NO;
				GCC_NO_COMMON_BLOCKS = YES;
				GCC_OPTIMIZATION_LEVEL = 0;
				GCC_PREPROCESSOR_DEFINITIONS = (
					"DEBUG=1",
					"$(inherited)",
				);
				GCC_WARN_64_TO_32_BIT_CONVERSION = YES;
				GCC_WARN_ABOUT_RETURN_TYPE = YES_ERROR;
				GCC_WARN_UNDECLARED_SELECTOR = YES;
				GCC_WARN_UNINITIALIZED_AUTOS = YES_AGGRESSIVE;
				GCC_WARN_UNUSED_FUNCTION = YES;
				GCC_WARN_UNUSED_VARIABLE = YES;
				IPHONEOS_DEPLOYMENT_TARGET = 16.4;
				MTL_ENABLE_DEBUG_INFO = INCLUDE_SOURCE;
				MTL_FAST_MATH = YES;
				ONLY_ACTIVE_ARCH = YES;
				SDKROOT = iphoneos;
				SWIFT_ACTIVE_COMPILATION_CONDITIONS = DEBUG;
				SWIFT_OPTIMIZATION_LEVEL = "-Onone";
			};
			name = Debug;
		};
		AA1981292A1AB85B00319B29 /* Release */ = {
			isa = XCBuildConfiguration;
			buildSettings = {
				ALWAYS_SEARCH_USER_PATHS = NO;
				CLANG_ANALYZER_NONNULL = YES;
				CLANG_ANALYZER_NUMBER_OBJECT_CONVERSION = YES_AGGRESSIVE;
				CLANG_CXX_LANGUAGE_STANDARD = "gnu++20";
				CLANG_ENABLE_MODULES = YES;
				CLANG_ENABLE_OBJC_ARC = YES;
				CLANG_ENABLE_OBJC_WEAK = YES;
				CLANG_WARN_BLOCK_CAPTURE_AUTORELEASING = YES;
				CLANG_WARN_BOOL_CONVERSION = YES;
				CLANG_WARN_COMMA = YES;
				CLANG_WARN_CONSTANT_CONVERSION = YES;
				CLANG_WARN_DEPRECATED_OBJC_IMPLEMENTATIONS = YES;
				CLANG_WARN_DIRECT_OBJC_ISA_USAGE = YES_ERROR;
				CLANG_WARN_DOCUMENTATION_COMMENTS = YES;
				CLANG_WARN_EMPTY_BODY = YES;
				CLANG_WARN_ENUM_CONVERSION = YES;
				CLANG_WARN_INFINITE_RECURSION = YES;
				CLANG_WARN_INT_CONVERSION = YES;
				CLANG_WARN_NON_LITERAL_NULL_CONVERSION = YES;
				CLANG_WARN_OBJC_IMPLICIT_RETAIN_SELF = YES;
				CLANG_WARN_OBJC_LITERAL_CONVERSION = YES;
				CLANG_WARN_OBJC_ROOT_CLASS = YES_ERROR;
				CLANG_WARN_QUOTED_INCLUDE_IN_FRAMEWORK_HEADER = YES;
				CLANG_WARN_RANGE_LOOP_ANALYSIS = YES;
				CLANG_WARN_STRICT_PROTOTYPES = YES;
				CLANG_WARN_SUSPICIOUS_MOVE = YES;
				CLANG_WARN_UNGUARDED_AVAILABILITY = YES_AGGRESSIVE;
				CLANG_WARN_UNREACHABLE_CODE = YES;
				CLANG_WARN__DUPLICATE_METHOD_MATCH = YES;
				COPY_PHASE_STRIP = NO;
				DEBUG_INFORMATION_FORMAT = "dwarf-with-dsym";
				ENABLE_NS_ASSERTIONS = NO;
				ENABLE_STRICT_OBJC_MSGSEND = YES;
				GCC_C_LANGUAGE_STANDARD = gnu11;
				GCC_NO_COMMON_BLOCKS = YES;
				GCC_WARN_64_TO_32_BIT_CONVERSION = YES;
				GCC_WARN_ABOUT_RETURN_TYPE = YES_ERROR;
				GCC_WARN_UNDECLARED_SELECTOR = YES;
				GCC_WARN_UNINITIALIZED_AUTOS = YES_AGGRESSIVE;
				GCC_WARN_UNUSED_FUNCTION = YES;
				GCC_WARN_UNUSED_VARIABLE = YES;
				IPHONEOS_DEPLOYMENT_TARGET = 16.4;
				MTL_ENABLE_DEBUG_INFO = NO;
				MTL_FAST_MATH = YES;
				SDKROOT = iphoneos;
				SWIFT_COMPILATION_MODE = wholemodule;
				SWIFT_OPTIMIZATION_LEVEL = "-O";
				VALIDATE_PRODUCT = YES;
			};
			name = Release;
		};
		AA19812B2A1AB85B00319B29 /* Debug */ = {
			isa = XCBuildConfiguration;
			buildSettings = {
				ASSETCATALOG_COMPILER_APPICON_NAME = AppIcon;
				ASSETCATALOG_COMPILER_GLOBAL_ACCENT_COLOR_NAME = AccentColor;
				CODE_SIGN_STYLE = Automatic;
				CURRENT_PROJECT_VERSION = 1;
				DEVELOPMENT_TEAM = 79JC88Y225;
				GENERATE_INFOPLIST_FILE = YES;
				INFOPLIST_FILE = "Official E-Levy Calculator/Info.plist";
				INFOPLIST_KEY_UIApplicationSupportsIndirectInputEvents = YES;
				INFOPLIST_KEY_UILaunchStoryboardName = LaunchScreen;
				INFOPLIST_KEY_UIMainStoryboardFile = Main;
				INFOPLIST_KEY_UISupportedInterfaceOrientations_iPad = "UIInterfaceOrientationPortrait UIInterfaceOrientationPortraitUpsideDown UIInterfaceOrientationLandscapeLeft UIInterfaceOrientationLandscapeRight";
				INFOPLIST_KEY_UISupportedInterfaceOrientations_iPhone = "UIInterfaceOrientationPortrait UIInterfaceOrientationLandscapeLeft UIInterfaceOrientationLandscapeRight";
				LD_RUNPATH_SEARCH_PATHS = (
					"$(inherited)",
					"@executable_path/Frameworks",
				);
				MARKETING_VERSION = 1.0;
				PRODUCT_BUNDLE_IDENTIFIER = "com.danielsogbey.Official-E-Levy-Calculator";
				PRODUCT_NAME = "$(TARGET_NAME)";
				SWIFT_EMIT_LOC_STRINGS = YES;
				SWIFT_VERSION = 5.0;
				TARGETED_DEVICE_FAMILY = "1,2";
			};
			name = Debug;
		};
		AA19812C2A1AB85B00319B29 /* Release */ = {
			isa = XCBuildConfiguration;
			buildSettings = {
				ASSETCATALOG_COMPILER_APPICON_NAME = AppIcon;
				ASSETCATALOG_COMPILER_GLOBAL_ACCENT_COLOR_NAME = AccentColor;
				CODE_SIGN_STYLE = Automatic;
				CURRENT_PROJECT_VERSION = 1;
				DEVELOPMENT_TEAM = 79JC88Y225;
				GENERATE_INFOPLIST_FILE = YES;
				INFOPLIST_FILE = "Official E-Levy Calculator/Info.plist";
				INFOPLIST_KEY_UIApplicationSupportsIndirectInputEvents = YES;
				INFOPLIST_KEY_UILaunchStoryboardName = LaunchScreen;
				INFOPLIST_KEY_UIMainStoryboardFile = Main;
				INFOPLIST_KEY_UISupportedInterfaceOrientations_iPad = "UIInterfaceOrientationPortrait UIInterfaceOrientationPortraitUpsideDown UIInterfaceOrientationLandscapeLeft UIInterfaceOrientationLandscapeRight";
				INFOPLIST_KEY_UISupportedInterfaceOrientations_iPhone = "UIInterfaceOrientationPortrait UIInterfaceOrientationLandscapeLeft UIInterfaceOrientationLandscapeRight";
				LD_RUNPATH_SEARCH_PATHS = (
					"$(inherited)",
					"@executable_path/Frameworks",
				);
				MARKETING_VERSION = 1.0;
				PRODUCT_BUNDLE_IDENTIFIER = "com.danielsogbey.Official-E-Levy-Calculator";
				PRODUCT_NAME = "$(TARGET_NAME)";
				SWIFT_EMIT_LOC_STRINGS = YES;
				SWIFT_VERSION = 5.0;
				TARGETED_DEVICE_FAMILY = "1,2";
			};
			name = Release;
		};
		AA19812E2A1AB85B00319B29 /* Debug */ = {
			isa = XCBuildConfiguration;
			buildSettings = {
				ALWAYS_EMBED_SWIFT_STANDARD_LIBRARIES = YES;
				BUNDLE_LOADER = "$(TEST_HOST)";
				CODE_SIGN_STYLE = Automatic;
				CURRENT_PROJECT_VERSION = 1;
				DEVELOPMENT_TEAM = 79JC88Y225;
				GENERATE_INFOPLIST_FILE = YES;
				IPHONEOS_DEPLOYMENT_TARGET = 16.4;
				MARKETING_VERSION = 1.0;
				PRODUCT_BUNDLE_IDENTIFIER = "com.danielsogbey.Official-E-Levy-CalculatorTests";
				PRODUCT_NAME = "$(TARGET_NAME)";
				SWIFT_EMIT_LOC_STRINGS = NO;
				SWIFT_VERSION = 5.0;
				TARGETED_DEVICE_FAMILY = "1,2";
				TEST_HOST = "$(BUILT_PRODUCTS_DIR)/Official E-Levy Calculator.app/$(BUNDLE_EXECUTABLE_FOLDER_PATH)/Official E-Levy Calculator";
			};
			name = Debug;
		};
		AA19812F2A1AB85B00319B29 /* Release */ = {
			isa = XCBuildConfiguration;
			buildSettings = {
				ALWAYS_EMBED_SWIFT_STANDARD_LIBRARIES = YES;
				BUNDLE_LOADER = "$(TEST_HOST)";
				CODE_SIGN_STYLE = Automatic;
				CURRENT_PROJECT_VERSION = 1;
				DEVELOPMENT_TEAM = 79JC88Y225;
				GENERATE_INFOPLIST_FILE = YES;
				IPHONEOS_DEPLOYMENT_TARGET = 16.4;
				MARKETING_VERSION = 1.0;
				PRODUCT_BUNDLE_IDENTIFIER = "com.danielsogbey.Official-E-Levy-CalculatorTests";
				PRODUCT_NAME = "$(TARGET_NAME)";
				SWIFT_EMIT_LOC_STRINGS = NO;
				SWIFT_VERSION = 5.0;
				TARGETED_DEVICE_FAMILY = "1,2";
				TEST_HOST = "$(BUILT_PRODUCTS_DIR)/Official E-Levy Calculator.app/$(BUNDLE_EXECUTABLE_FOLDER_PATH)/Official E-Levy Calculator";
			};
			name = Release;
		};
		AA1981312A1AB85B00319B29 /* Debug */ = {
			isa = XCBuildConfiguration;
			buildSettings = {
				ALWAYS_EMBED_SWIFT_STANDARD_LIBRARIES = YES;
				CODE_SIGN_STYLE = Automatic;
				CURRENT_PROJECT_VERSION = 1;
				DEVELOPMENT_TEAM = 79JC88Y225;
				GENERATE_INFOPLIST_FILE = YES;
				MARKETING_VERSION = 1.0;
				PRODUCT_BUNDLE_IDENTIFIER = "com.danielsogbey.Official-E-Levy-CalculatorUITests";
				PRODUCT_NAME = "$(TARGET_NAME)";
				SWIFT_EMIT_LOC_STRINGS = NO;
				SWIFT_VERSION = 5.0;
				TARGETED_DEVICE_FAMILY = "1,2";
				TEST_TARGET_NAME = "Official E-Levy Calculator";
			};
			name = Debug;
		};
		AA1981322A1AB85B00319B29 /* Release */ = {
			isa = XCBuildConfiguration;
			buildSettings = {
				ALWAYS_EMBED_SWIFT_STANDARD_LIBRARIES = YES;
				CODE_SIGN_STYLE = Automatic;
				CURRENT_PROJECT_VERSION = 1;
				DEVELOPMENT_TEAM = 79JC88Y225;
				GENERATE_INFOPLIST_FILE = YES;
				MARKETING_VERSION = 1.0;
				PRODUCT_BUNDLE_IDENTIFIER = "com.danielsogbey.Official-E-Levy-CalculatorUITests";
				PRODUCT_NAME = "$(TARGET_NAME)";
				SWIFT_EMIT_LOC_STRINGS = NO;
				SWIFT_VERSION = 5.0;
				TARGETED_DEVICE_FAMILY = "1,2";
				TEST_TARGET_NAME = "Official E-Levy Calculator";
			};
			name = Release;
		};
/* End XCBuildConfiguration section */

/* Begin XCConfigurationList section */
		AA1980FB2A1AB85900319B29 /* Build configuration list for PBXProject "Official E-Levy Calculator" */ = {
			isa = XCConfigurationList;
			buildConfigurations = (
				AA1981282A1AB85B00319B29 /* Debug */,
				AA1981292A1AB85B00319B29 /* Release */,
			);
			defaultConfigurationIsVisible = 0;
			defaultConfigurationName = Release;
		};
		AA19812A2A1AB85B00319B29 /* Build configuration list for PBXNativeTarget "Official E-Levy Calculator" */ = {
			isa = XCConfigurationList;
			buildConfigurations = (
				AA19812B2A1AB85B00319B29 /* Debug */,
				AA19812C2A1AB85B00319B29 /* Release */,
			);
			defaultConfigurationIsVisible = 0;
			defaultConfigurationName = Release;
		};
		AA19812D2A1AB85B00319B29 /* Build configuration list for PBXNativeTarget "Official E-Levy CalculatorTests" */ = {
			isa = XCConfigurationList;
			buildConfigurations = (
				AA19812E2A1AB85B00319B29 /* Debug */,
				AA19812F2A1AB85B00319B29 /* Release */,
			);
			defaultConfigurationIsVisible = 0;
			defaultConfigurationName = Release;
		};
		AA1981302A1AB85B00319B29 /* Build configuration list for PBXNativeTarget "Official E-Levy CalculatorUITests" */ = {
			isa = XCConfigurationList;
			buildConfigurations = (
				AA1981312A1AB85B00319B29 /* Debug */,
				AA1981322A1AB85B00319B29 /* Release */,
			);
			defaultConfigurationIsVisible = 0;
			defaultConfigurationName = Release;
		};
/* End XCConfigurationList section */
	};
	rootObject = AA1980F82A1AB85900319B29 /* Project object */;
}
